
Microsoft Visual Studio Solution File, Format Version 12.00
# Visual Studio Version 17
VisualStudioVersion = 17.5.002.0
MinimumVisualStudioVersion = 10.0.40219.1
Project("{9A19103F-16F7-4668-BE54-9A1E7A4F7556}") = "L3_proxy", "L3_proxy.csproj", "{9DF8D46C-5F5C-464C-95DF-86A84DDEB332}"
EndProject
Global
	GlobalSection(SolutionConfigurationPlatforms) = preSolution
		Debug|Any CPU = Debug|Any CPU
		Release|Any CPU = Release|Any CPU
	EndGlobalSection
	GlobalSection(ProjectConfigurationPlatforms) = postSolution
		{9DF8D46C-5F5C-464C-95DF-86A84DDEB332}.Debug|Any CPU.ActiveCfg = Debug|Any CPU
		{9DF8D46C-5F5C-464C-95DF-86A84DDEB332}.Debug|Any CPU.Build.0 = Debug|Any CPU
		{9DF8D46C-5F5C-464C-95DF-86A84DDEB332}.Release|Any CPU.ActiveCfg = Release|Any CPU
		{9DF8D46C-5F5C-464C-95DF-86A84DDEB332}.Release|Any CPU.Build.0 = Release|Any CPU
	EndGlobalSection
	GlobalSection(SolutionProperties) = preSolution
		HideSolutionNode = FALSE
	EndGlobalSection
	GlobalSection(ExtensibilityGlobals) = postSolution
		SolutionGuid = {410A1EB8-33C0-4EF8-9890-FD71298296E6}
	EndGlobalSection
EndGlobal
