
Microsoft Visual Studio Solution File, Format Version 12.00
# Visual Studio Version 17
VisualStudioVersion = 17.7.34024.191
MinimumVisualStudioVersion = 10.0.40219.1
Project("{FAE04EC0-301F-11D3-BF4B-00C04F79EFBC}") = "WpfPostgres", "WpfPostgres\WpfPostgres.csproj", "{CA84AF91-CFC0-45EC-A58B-00A3F43ACC55}"
EndProject
Global
	GlobalSection(SolutionConfigurationPlatforms) = preSolution
		Debug|Any CPU = Debug|Any CPU
		Release|Any CPU = Release|Any CPU
	EndGlobalSection
	GlobalSection(ProjectConfigurationPlatforms) = postSolution
		{CA84AF91-CFC0-45EC-A58B-00A3F43ACC55}.Debug|Any CPU.ActiveCfg = Debug|Any CPU
		{CA84AF91-CFC0-45EC-A58B-00A3F43ACC55}.Debug|Any CPU.Build.0 = Debug|Any CPU
		{CA84AF91-CFC0-45EC-A58B-00A3F43ACC55}.Release|Any CPU.ActiveCfg = Release|Any CPU
		{CA84AF91-CFC0-45EC-A58B-00A3F43ACC55}.Release|Any CPU.Build.0 = Release|Any CPU
	EndGlobalSection
	GlobalSection(SolutionProperties) = preSolution
		HideSolutionNode = FALSE
	EndGlobalSection
	GlobalSection(ExtensibilityGlobals) = postSolution
		SolutionGuid = {80C1C8DB-4216-4C82-9806-C1F7A340EDE6}
	EndGlobalSection
EndGlobal
