
Microsoft Visual Studio Solution File, Format Version 12.00
# Visual Studio Version 17
VisualStudioVersion = 17.5.002.0
MinimumVisualStudioVersion = 10.0.40219.1
Project("{9A19103F-16F7-4668-BE54-9A1E7A4F7556}") = "PluginB", "PluginB\PluginB.csproj", "{CE01A7F6-E252-47C8-975E-FC643081C1C9}"
EndProject
Project("{9A19103F-16F7-4668-BE54-9A1E7A4F7556}") = "PluginA", "PluginA\PluginA.csproj", "{B6A6863A-9301-4665-AD30-60DFBBB329B2}"
EndProject
Project("{9A19103F-16F7-4668-BE54-9A1E7A4F7556}") = "L1", "Application\L1.csproj", "{1ED48ACE-0A80-4E24-A710-187ABB5467ED}"
EndProject
Global
	GlobalSection(SolutionConfigurationPlatforms) = preSolution
		Debug|Any CPU = Debug|Any CPU
		Release|Any CPU = Release|Any CPU
	EndGlobalSection
	GlobalSection(ProjectConfigurationPlatforms) = postSolution
		{CE01A7F6-E252-47C8-975E-FC643081C1C9}.Debug|Any CPU.ActiveCfg = Debug|Any CPU
		{CE01A7F6-E252-47C8-975E-FC643081C1C9}.Debug|Any CPU.Build.0 = Debug|Any CPU
		{CE01A7F6-E252-47C8-975E-FC643081C1C9}.Release|Any CPU.ActiveCfg = Release|Any CPU
		{CE01A7F6-E252-47C8-975E-FC643081C1C9}.Release|Any CPU.Build.0 = Release|Any CPU
		{B6A6863A-9301-4665-AD30-60DFBBB329B2}.Debug|Any CPU.ActiveCfg = Debug|Any CPU
		{B6A6863A-9301-4665-AD30-60DFBBB329B2}.Debug|Any CPU.Build.0 = Debug|Any CPU
		{B6A6863A-9301-4665-AD30-60DFBBB329B2}.Release|Any CPU.ActiveCfg = Release|Any CPU
		{B6A6863A-9301-4665-AD30-60DFBBB329B2}.Release|Any CPU.Build.0 = Release|Any CPU
		{1ED48ACE-0A80-4E24-A710-187ABB5467ED}.Debug|Any CPU.ActiveCfg = Debug|Any CPU
		{1ED48ACE-0A80-4E24-A710-187ABB5467ED}.Debug|Any CPU.Build.0 = Debug|Any CPU
		{1ED48ACE-0A80-4E24-A710-187ABB5467ED}.Release|Any CPU.ActiveCfg = Release|Any CPU
		{1ED48ACE-0A80-4E24-A710-187ABB5467ED}.Release|Any CPU.Build.0 = Release|Any CPU
	EndGlobalSection
	GlobalSection(SolutionProperties) = preSolution
		HideSolutionNode = FALSE
	EndGlobalSection
	GlobalSection(ExtensibilityGlobals) = postSolution
		SolutionGuid = {12B07F0E-0E34-44EE-B2F6-614569131FFD}
	EndGlobalSection
EndGlobal
